
Microsoft Visual Studio Solution File, Format Version 12.00
# Visual Studio Version 16
VisualStudioVersion = 16.0.31829.152
MinimumVisualStudioVersion = 10.0.40219.1
Project("{FAE04EC0-301F-11D3-BF4B-00C04F79EFBC}") = "KartOyunu", "KartOyunu\KartOyunu.csproj", "{60131F73-4CFA-466E-A8D5-34339876250F}"
EndProject
Global
	GlobalSection(SolutionConfigurationPlatforms) = preSolution
		Debug|Any CPU = Debug|Any CPU
		Release|Any CPU = Release|Any CPU
	EndGlobalSection
	GlobalSection(ProjectConfigurationPlatforms) = postSolution
		{60131F73-4CFA-466E-A8D5-34339876250F}.Debug|Any CPU.ActiveCfg = Debug|Any CPU
		{60131F73-4CFA-466E-A8D5-34339876250F}.Debug|Any CPU.Build.0 = Debug|Any CPU
		{60131F73-4CFA-466E-A8D5-34339876250F}.Release|Any CPU.ActiveCfg = Release|Any CPU
		{60131F73-4CFA-466E-A8D5-34339876250F}.Release|Any CPU.Build.0 = Release|Any CPU
	EndGlobalSection
	GlobalSection(SolutionProperties) = preSolution
		HideSolutionNode = FALSE
	EndGlobalSection
	GlobalSection(ExtensibilityGlobals) = postSolution
		SolutionGuid = {86FB59CF-F962-4E25-BF02-0419C2E2BCF2}
	EndGlobalSection
EndGlobal
